<Solution>
  <Folder Name="/src/">
    <Project Path="src/ClariMed.Data/ClariMed.Data.csproj" />
    <Project Path="src/ClariMed.Dicom/ClariMed.Dicom.csproj" />
    <Project Path="src/ClariMed.Documents/ClariMed.Documents.csproj" />
    <Project Path="src/ClariMed.Imaging/ClariMed.Imaging.csproj" />
    <Project Path="src/ClariMed.Printing/ClariMed.Printing.csproj" />
    <Project Path="src/ClariMed.VirtualPrinter/ClariMed.VirtualPrinter.csproj" />
    <Project Path="src/ClariMed.Dashboard/ClariMed.Dashboard.csproj" />
    <Project Path="src/ClariMed.Worker/ClariMed.Worker.csproj" />
    <Project Path="src/ClariMed.Notifier/ClariMed.Notifier.csproj" />
  </Folder>
</Solution>
