<Solution>
  <Folder Name="/src/">
    <Project Path="src/FocusMed.Data/FocusMed.Data.csproj" />
    <Project Path="src/FocusMed.Dicom/FocusMed.Dicom.csproj" />
    <Project Path="src/FocusMed.Documents/FocusMed.Documents.csproj" />
    <Project Path="src/FocusMed.Printing/FocusMed.Printing.csproj" />
    <Project Path="src/FocusMed.Dashboard/FocusMed.Dashboard.csproj" />
    <Project Path="src/FocusMed.Worker/FocusMed.Worker.csproj" />
    <Project Path="src/FocusMed.Notifier/FocusMed.Notifier.csproj" />
  </Folder>
</Solution>
